
Microsoft Visual Studio Solution File, Format Version 12.00
# Visual Studio 15
Project("{FAE04EC0-301F-11D3-BF4B-00C04F79EFBC}") = "Homework", "Homework\Homework.csproj", "{5C46DD59-E90B-47A0-B34E-B739AA1B3731}"
EndProject
Global
	GlobalSection(SolutionConfigurationPlatforms) = preSolution
		Debug|x86 = Debug|x86
		Release|x86 = Release|x86
	EndGlobalSection
	GlobalSection(ProjectConfigurationPlatforms) = postSolution
		{5C46DD59-E90B-47A0-B34E-B739AA1B3731}.Debug|x86.ActiveCfg = Debug|x86
		{5C46DD59-E90B-47A0-B34E-B739AA1B3731}.Debug|x86.Build.0 = Debug|x86
		{5C46DD59-E90B-47A0-B34E-B739AA1B3731}.Release|x86.ActiveCfg = Release|x86
		{5C46DD59-E90B-47A0-B34E-B739AA1B3731}.Release|x86.Build.0 = Release|x86
	EndGlobalSection
EndGlobal
